
Microsoft Visual Studio Solution File, Format Version 12.00
# Visual Studio Version 17
VisualStudioVersion = 17.5.002.0
MinimumVisualStudioVersion = 10.0.40219.1
Project("{9A19103F-16F7-4668-BE54-9A1E7A4F7556}") = "program016a-NSD-NSN", "program016a-NSD-NSN.csproj", "{F6745DD7-4269-4CBE-9B91-D870751E87F3}"
EndProject
Global
	GlobalSection(SolutionConfigurationPlatforms) = preSolution
		Debug|Any CPU = Debug|Any CPU
		Release|Any CPU = Release|Any CPU
	EndGlobalSection
	GlobalSection(ProjectConfigurationPlatforms) = postSolution
		{F6745DD7-4269-4CBE-9B91-D870751E87F3}.Debug|Any CPU.ActiveCfg = Debug|Any CPU
		{F6745DD7-4269-4CBE-9B91-D870751E87F3}.Debug|Any CPU.Build.0 = Debug|Any CPU
		{F6745DD7-4269-4CBE-9B91-D870751E87F3}.Release|Any CPU.ActiveCfg = Release|Any CPU
		{F6745DD7-4269-4CBE-9B91-D870751E87F3}.Release|Any CPU.Build.0 = Release|Any CPU
	EndGlobalSection
	GlobalSection(SolutionProperties) = preSolution
		HideSolutionNode = FALSE
	EndGlobalSection
	GlobalSection(ExtensibilityGlobals) = postSolution
		SolutionGuid = {EC092843-3C79-4E52-AB55-7765029BDFCE}
	EndGlobalSection
EndGlobal
