
Microsoft Visual Studio Solution File, Format Version 12.00
# Visual Studio Version 17
VisualStudioVersion = 17.5.002.0
MinimumVisualStudioVersion = 10.0.40219.1
Project("{9A19103F-16F7-4668-BE54-9A1E7A4F7556}") = "program007-bubble-sort", "program007-bubble-sort.csproj", "{EB8DBC1A-4B55-4407-8963-C7D482DCDF26}"
EndProject
Global
	GlobalSection(SolutionConfigurationPlatforms) = preSolution
		Debug|Any CPU = Debug|Any CPU
		Release|Any CPU = Release|Any CPU
	EndGlobalSection
	GlobalSection(ProjectConfigurationPlatforms) = postSolution
		{EB8DBC1A-4B55-4407-8963-C7D482DCDF26}.Debug|Any CPU.ActiveCfg = Debug|Any CPU
		{EB8DBC1A-4B55-4407-8963-C7D482DCDF26}.Debug|Any CPU.Build.0 = Debug|Any CPU
		{EB8DBC1A-4B55-4407-8963-C7D482DCDF26}.Release|Any CPU.ActiveCfg = Release|Any CPU
		{EB8DBC1A-4B55-4407-8963-C7D482DCDF26}.Release|Any CPU.Build.0 = Release|Any CPU
	EndGlobalSection
	GlobalSection(SolutionProperties) = preSolution
		HideSolutionNode = FALSE
	EndGlobalSection
	GlobalSection(ExtensibilityGlobals) = postSolution
		SolutionGuid = {68C28B7C-69EF-4B1D-920B-04CAA540CAEE}
	EndGlobalSection
EndGlobal
