
Microsoft Visual Studio Solution File, Format Version 12.00
# Visual Studio Version 17
VisualStudioVersion = 17.5.002.0
MinimumVisualStudioVersion = 10.0.40219.1
Project("{9A19103F-16F7-4668-BE54-9A1E7A4F7556}") = "program009-array-reversing", "program009-array-reversing.csproj", "{3864011D-3534-44CD-BAA0-03DD706349B2}"
EndProject
Global
	GlobalSection(SolutionConfigurationPlatforms) = preSolution
		Debug|Any CPU = Debug|Any CPU
		Release|Any CPU = Release|Any CPU
	EndGlobalSection
	GlobalSection(ProjectConfigurationPlatforms) = postSolution
		{3864011D-3534-44CD-BAA0-03DD706349B2}.Debug|Any CPU.ActiveCfg = Debug|Any CPU
		{3864011D-3534-44CD-BAA0-03DD706349B2}.Debug|Any CPU.Build.0 = Debug|Any CPU
		{3864011D-3534-44CD-BAA0-03DD706349B2}.Release|Any CPU.ActiveCfg = Release|Any CPU
		{3864011D-3534-44CD-BAA0-03DD706349B2}.Release|Any CPU.Build.0 = Release|Any CPU
	EndGlobalSection
	GlobalSection(SolutionProperties) = preSolution
		HideSolutionNode = FALSE
	EndGlobalSection
	GlobalSection(ExtensibilityGlobals) = postSolution
		SolutionGuid = {3C00F0F5-20FE-4B71-A71A-C64B8E8E5097}
	EndGlobalSection
EndGlobal
